hash: 42097abafcbaf3572b3a7691fb4d2d20d3e2928e0024771b46b6fcb87ebb8790
updated: 2017-06-06T12:07:27.486574852+09:00
imports:
- name: github.com/ruedap/go-alfred
  version: f84353c003b57b7a559fbd26712470cb7d81c5e9
- name: github.com/ruedap/go-emma
  version: 775f93d5ff1f3735750bc125af60174db8571393
- name: github.com/stretchr/testify
  version: e4ec8152c15fc46bd5056ce65997a07c7d415325
  subpackages:
  - assert
- name: gopkg.in/yaml.v2
  version: cd8b52f8269e0feb286dfeef29f8fe4d5b397e0b
testImports: []
