hash: e46f92aa3fc2742a8b1f0a22a491a6275aca629609678f48fbf892a36efddd3e
updated: 2017-06-04T01:33:31.149060608+09:00
imports:
- name: github.com/ruedap/go-alfred
  version: f84353c003b57b7a559fbd26712470cb7d81c5e9
- name: github.com/ruedap/go-emma
  version: c8ae4adcbc5373dd35e5b0e2a38e9123cab792d7
- name: github.com/stretchr/testify
  version: e4ec8152c15fc46bd5056ce65997a07c7d415325
  subpackages:
  - assert
- name: gopkg.in/yaml.v2
  version: cd8b52f8269e0feb286dfeef29f8fe4d5b397e0b
testImports: []
